// !$*UTF8*$!
{
	archiveVersion = 1;
	classes = {
	};
	objectVersion = 46;
	objects = {

/* Begin PBXBuildFile section */
		DCE64D498C4CA74400000000 /* Simple.m in Public */ = {isa = PBXBuildFile; fileRef = A93E78E78C4CA74400000000 /* Simple.m */; };
/* End PBXBuildFile section */

/* Begin PBXContainerItemProxy section */
		AF45D1B7BC6030AB00000000 /* PBXContainerItemProxy */ = {
			isa = PBXContainerItemProxy;
			containerPortal = 9E2191D0DEDD36B300000000 /* Project object */;
			proxyType = 1;
			remoteGlobalIDString = 30823DE8BC6030AA00000000;
		};
/* End PBXContainerItemProxy section */

/* Begin PBXFileReference section */
		A93E78E75A4A468C00000000 /* BUILD */ = {isa = PBXFileReference; lastKnownFileType = text; name = BUILD; path = "tulsi-workspace//BUILD"; sourceTree = "<group>"; };
		A93E78E78C4CA74400000000 /* Simple.m */ = {isa = PBXFileReference; lastKnownFileType = sourcecode.c.objc; name = Simple.m; path = Sources/Public/Simple.m; sourceTree = "<group>"; };
		A93E78E79E8DDF9C00000000 /* _FullBazelSample-Private-Info.plist */ = {isa = PBXFileReference; explicitFileType = text.plist; name = "_FullBazelSample-Private-Info.plist"; path = "tulsi-workspace/_tulsi-includes/x/x/_FullBazelSample-Private-Info.plist"; sourceTree = "<group>"; };
		A93E78E7D0C2B00E00000000 /* FullBazelSample.app */ = {isa = PBXFileReference; explicitFileType = wrapper.application; name = FullBazelSample.app; path = FullBazelSample.app; sourceTree = BUILT_PRODUCTS_DIR; };
		A93E78E7E28FE4BE00000000 /* lib_idx_Core_D0D57ACD_ios_min9.0.a */ = {isa = PBXFileReference; explicitFileType = archive.ar; name = lib_idx_Core_D0D57ACD_ios_min9.0.a; path = lib_idx_Core_D0D57ACD_ios_min9.0.a; sourceTree = BUILT_PRODUCTS_DIR; };
		A93E78E7F894304B00000000 /* Simple.h */ = {isa = PBXFileReference; lastKnownFileType = sourcecode.c.h; name = Simple.h; path = Sources/Public/Simple.h; sourceTree = "<group>"; };
/* End PBXFileReference section */

/* Begin PBXGroup section */
		8A11FA311D692DC800000000 /* Indexer */ = {
			isa = PBXGroup;
			children = (
				A93E78E7E28FE4BE00000000 /* lib_idx_Core_D0D57ACD_ios_min9.0.a */,
			);
			name = Indexer;
			sourceTree = "<group>";
		};
		8A11FA312A7ED1DC00000000 /* x */ = {
			isa = PBXGroup;
			children = (
				8A11FA312A7ED1DC00000001 /* x */,
			);
			name = x;
			sourceTree = "<group>";
		};
		8A11FA312A7ED1DC00000001 /* x */ = {
			isa = PBXGroup;
			children = (
				A93E78E79E8DDF9C00000000 /* _FullBazelSample-Private-Info.plist */,
			);
			name = x;
			sourceTree = "<group>";
		};
		8A11FA3162DC34F300000000 /* Products */ = {
			isa = PBXGroup;
			children = (
				A93E78E7D0C2B00E00000000 /* FullBazelSample.app */,
				8A11FA311D692DC800000000 /* Indexer */,
				8A11FA31A2E8B1D600000000 /* _tulsi-includes */,
			);
			name = Products;
			sourceTree = "<group>";
		};
		8A11FA3166314C1300000000 /* Public */ = {
			isa = PBXGroup;
			children = (
				A93E78E7F894304B00000000 /* Simple.h */,
				A93E78E78C4CA74400000000 /* Simple.m */,
			);
			name = Public;
			sourceTree = "<group>";
		};
		8A11FA316EBA2FD900000000 /* / */ = {
			isa = PBXGroup;
			children = (
				A93E78E75A4A468C00000000 /* BUILD */,
			);
			name = /;
			sourceTree = "<group>";
		};
		8A11FA3187324AEC00000000 /* mainGroup */ = {
			isa = PBXGroup;
			children = (
				8A11FA316EBA2FD900000000 /* / */,
				8A11FA3162DC34F300000000 /* Products */,
				8A11FA31FB60CEDB00000000 /* Sources */,
			);
			name = mainGroup;
			sourceTree = SOURCE_ROOT;
		};
		8A11FA31A2E8B1D600000000 /* _tulsi-includes */ = {
			isa = PBXGroup;
			children = (
				8A11FA312A7ED1DC00000000 /* x */,
			);
			name = "_tulsi-includes";
			sourceTree = "<group>";
		};
		8A11FA31FB60CEDB00000000 /* Sources */ = {
			isa = PBXGroup;
			children = (
				8A11FA3166314C1300000000 /* Public */,
			);
			name = Sources;
			sourceTree = "<group>";
		};
/* End PBXGroup section */

/* Begin PBXLegacyTarget section */
		30823DE8BC6030AA00000000 /* _bazel_clean_ */ = {
			isa = PBXLegacyTarget;
			buildArgumentsString = "\"/usr/local/bin/bazel\" \"bazel-bin\"";
			buildConfigurationList = 151C9CD4F789C74900000000 /* Build configuration list for PBXLegacyTarget "_bazel_clean_" */;
			buildPhases = (
			);
			buildToolPath = "${PROJECT_FILE_PATH}/.tulsi/Scripts/bazel_clean.sh";
			buildWorkingDirectory = "";
			dependencies = (
			);
			name = _bazel_clean_;
			passBuildSettingsInEnvironment = 1;
			productName = _bazel_clean_;
		};
/* End PBXLegacyTarget section */

/* Begin PBXNativeTarget section */
		D580163D71EE249E00000000 /* _idx_Core_D0D57ACD_ios_min9.0 */ = {
			isa = PBXNativeTarget;
			buildConfigurationList = 151C9CD40F37BC6E00000000 /* Build configuration list for PBXNativeTarget "_idx_Core_D0D57ACD_ios_min9.0" */;
			buildPhases = (
				BB9886100000000000000000 /* Sources */,
			);
			buildRules = (
			);
			dependencies = (
				78CA9056BC6030AB00000000 /* PBXTargetDependency */,
			);
			name = _idx_Core_D0D57ACD_ios_min9.0;
			productName = _idx_Core_D0D57ACD_ios_min9.0;
			productReference = A93E78E7E28FE4BE00000000 /* lib_idx_Core_D0D57ACD_ios_min9.0.a */;
			productType = "com.apple.product-type.library.static";
		};
		D580163D8149194400000000 /* FullBazelSample */ = {
			isa = PBXNativeTarget;
			buildConfigurationList = 151C9CD464CEB09D00000000 /* Build configuration list for PBXNativeTarget "FullBazelSample" */;
			buildPhases = (
				6295C24398E70DE600000000 /* ShellScript */,
			);
			buildRules = (
			);
			dependencies = (
				78CA9056BC6030AB00000000 /* PBXTargetDependency */,
			);
			name = FullBazelSample;
			productName = FullBazelSample;
			productReference = A93E78E7D0C2B00E00000000 /* FullBazelSample.app */;
			productType = "com.apple.product-type.application";
		};
/* End PBXNativeTarget section */

/* Begin PBXProject section */
		9E2191D0DEDD36B300000000 /* Project object */ = {
			isa = PBXProject;
			attributes = {
				LastSwiftUpdateCheck = 0710;
				LastUpgradeCheck = 1000;
			};
			buildConfigurationList = 151C9CD4369A942100000000 /* Build configuration list for PBXProject "FullBazelIsolated" */;
			compatibilityVersion = "Xcode 3.2";
			developmentRegion = English;
			hasScannedForEncodings = 0;
			knownRegions = (
				en,
			);
			mainGroup = 8A11FA3187324AEC00000000 /* mainGroup */;
			targets = (
				D580163D8149194400000000 /* FullBazelSample */,
				30823DE8BC6030AA00000000 /* _bazel_clean_ */,
				D580163D71EE249E00000000 /* _idx_Core_D0D57ACD_ios_min9.0 */,
			);
		};
/* End PBXProject section */

/* Begin PBXShellScriptBuildPhase section */
		6295C24398E70DE600000000 /* ShellScript */ = {
			isa = PBXShellScriptBuildPhase;
			buildActionMask = 0;
			files = (
			);
			inputPaths = (
				"$(TARGET_BUILD_DIR)/$(INFOPLIST_PATH)",
			);
			outputPaths = (
			);
			runOnlyForDeploymentPostprocessing = 0;
			shellPath = /bin/bash;
			shellScript = "set -e\n\nexec \"${PROJECT_FILE_PATH}/.tulsi/Scripts/bazel_build.py\" //:FullBazelSample --bazel \"/usr/local/bin/bazel\" --bazel_bin_path \"bazel-bin\" --verbose ";
			showEnvVarsInLog = 1;
		};
/* End PBXShellScriptBuildPhase section */

/* Begin PBXSourcesBuildPhase section */
		BB9886100000000000000000 /* Sources */ = {
			isa = PBXSourcesBuildPhase;
			buildActionMask = 0;
			files = (
				DCE64D498C4CA74400000000 /* Simple.m in Public */,
			);
			runOnlyForDeploymentPostprocessing = 0;
		};
/* End PBXSourcesBuildPhase section */

/* Begin PBXTargetDependency section */
		78CA9056BC6030AB00000000 /* PBXTargetDependency */ = {
			isa = PBXTargetDependency;
			targetProxy = AF45D1B7BC6030AB00000000 /* PBXContainerItemProxy */;
		};
/* End PBXTargetDependency section */

/* Begin XCBuildConfiguration section */
		4FFCD6AB214E9FB800000000 /* Debug */ = {
			isa = XCBuildConfiguration;
			buildSettings = {
				ALWAYS_SEARCH_USER_PATHS = NO;
				CLANG_CXX_LANGUAGE_STANDARD = "compiler-default";
				CLANG_ENABLE_OBJC_ARC = YES;
				CLANG_WARN_BOOL_CONVERSION = YES;
				CLANG_WARN_CONSTANT_CONVERSION = YES;
				CLANG_WARN_EMPTY_BODY = YES;
				CLANG_WARN_ENUM_CONVERSION = YES;
				CLANG_WARN_INT_CONVERSION = YES;
				CLANG_WARN_UNREACHABLE_CODE = YES;
				CLANG_WARN__DUPLICATE_METHOD_MATCH = YES;
				CODE_SIGNING_REQUIRED = NO;
				CODE_SIGN_IDENTITY = "";
				DONT_RUN_SWIFT_STDLIB_TOOL = YES;
				ENABLE_TESTABILITY = YES;
				FRAMEWORK_SEARCH_PATHS = "$(PLATFORM_DIR)/Developer/Library/Frameworks";
				GCC_PREPROCESSOR_DEFINITIONS = "DEBUG=1";
				GCC_WARN_64_TO_32_BIT_CONVERSION = YES;
				GCC_WARN_ABOUT_RETURN_TYPE = YES;
				GCC_WARN_UNDECLARED_SELECTOR = YES;
				GCC_WARN_UNINITIALIZED_AUTOS = YES;
				GCC_WARN_UNUSED_FUNCTION = YES;
				GCC_WARN_UNUSED_VARIABLE = YES;
				HEADER_SEARCH_PATHS = "$(TULSI_BWRS) $(TULSI_WR)/bazel-bin $(TULSI_WR)/bazel-genfiles $(TULSI_BWRS)/_tulsi-includes/x/x";
				ONLY_ACTIVE_ARCH = YES;
				PYTHONIOENCODING = utf8;
				SDKROOT = iphoneos;
				TULSI_BWRS = "${TULSI_WR}/tulsi-workspace";
				TULSI_PROJECT = FullBazelIsolated;
				TULSI_VERSION = 0.20190501.88;
				TULSI_WR = "$(SRCROOT)";
			};
			name = Debug;
		};
		4FFCD6AB214E9FB800000001 /* Debug */ = {
			isa = XCBuildConfiguration;
			buildSettings = {
				ASSETCATALOG_COMPILER_LAUNCHIMAGE_NAME = "Stub Launch Image";
				BAZEL_TARGET = "//:FullBazelSample";
				DEBUG_INFORMATION_FORMAT = dwarf;
				GCC_PREPROCESSOR_DEFINITIONS = "DEBUG=1";
				INFOPLIST_FILE = "${PROJECT_FILE_PATH}/.tulsi/Resources/StubInfoPlist.plist";
				IPHONEOS_DEPLOYMENT_TARGET = 9.0;
				PRODUCT_BUNDLE_IDENTIFIER = com.pinterest.fullbazelsample;
				PRODUCT_NAME = FullBazelSample;
				SDKROOT = iphoneos;
				TULSI_BUILD_PATH = "";
				TULSI_XCODE_VERSION = 10.2.1.10E1001;
			};
			name = Debug;
		};
		4FFCD6AB214E9FB800000002 /* Debug */ = {
			isa = XCBuildConfiguration;
			buildSettings = {
				GCC_PREPROCESSOR_DEFINITIONS = "DEBUG=1";
				HEADER_SEARCH_PATHS = "$(inherited) $(TULSI_WR)/_tulsi-includes/x/x/ $(TULSI_BWRS)/_tulsi-includes/x/x/ ";
				IPHONEOS_DEPLOYMENT_TARGET = 9.0;
				OTHER_CFLAGS = "-D_FORTIFY_SOURCE=1 -D__DATE__=\"redacted\" -D__TIMESTAMP__=\"redacted\" -D__TIME__=\"redacted\"";
				PRODUCT_NAME = _idx_Core_D0D57ACD_ios_min9.0;
				SDKROOT = iphoneos;
				USER_HEADER_SEARCH_PATHS = "$(TULSI_WR)";
			};
			name = Debug;
		};
		4FFCD6AB6A6DC22F00000000 /* __TulsiTestRunner_Release */ = {
			isa = XCBuildConfiguration;
			buildSettings = {
				ALWAYS_SEARCH_USER_PATHS = NO;
				CLANG_CXX_LANGUAGE_STANDARD = "compiler-default";
				CLANG_ENABLE_OBJC_ARC = YES;
				CLANG_WARN_BOOL_CONVERSION = YES;
				CLANG_WARN_CONSTANT_CONVERSION = YES;
				CLANG_WARN_EMPTY_BODY = YES;
				CLANG_WARN_ENUM_CONVERSION = YES;
				CLANG_WARN_INT_CONVERSION = YES;
				CLANG_WARN_UNREACHABLE_CODE = YES;
				CLANG_WARN__DUPLICATE_METHOD_MATCH = YES;
				CODE_SIGNING_REQUIRED = NO;
				CODE_SIGN_IDENTITY = "";
				DONT_RUN_SWIFT_STDLIB_TOOL = YES;
				ENABLE_TESTABILITY = YES;
				FRAMEWORK_SEARCH_PATHS = "";
				GCC_PREPROCESSOR_DEFINITIONS = "NDEBUG=1";
				GCC_WARN_64_TO_32_BIT_CONVERSION = YES;
				GCC_WARN_ABOUT_RETURN_TYPE = YES;
				GCC_WARN_UNDECLARED_SELECTOR = YES;
				GCC_WARN_UNINITIALIZED_AUTOS = YES;
				GCC_WARN_UNUSED_FUNCTION = YES;
				GCC_WARN_UNUSED_VARIABLE = YES;
				HEADER_SEARCH_PATHS = "";
				ONLY_ACTIVE_ARCH = YES;
				OTHER_CFLAGS = "--version";
				OTHER_LDFLAGS = "--version";
				OTHER_SWIFT_FLAGS = "--version";
				PYTHONIOENCODING = utf8;
				SDKROOT = iphoneos;
				SWIFT_INSTALL_OBJC_HEADER = NO;
				SWIFT_OBJC_INTERFACE_HEADER_NAME = "$(PRODUCT_NAME).h";
				TULSI_BWRS = "${TULSI_WR}/tulsi-workspace";
				TULSI_PROJECT = FullBazelIsolated;
				TULSI_VERSION = 0.20190501.88;
				TULSI_WR = "$(SRCROOT)";
			};
			name = __TulsiTestRunner_Release;
		};
		4FFCD6AB6A6DC22F00000001 /* __TulsiTestRunner_Release */ = {
			isa = XCBuildConfiguration;
			buildSettings = {
				ASSETCATALOG_COMPILER_LAUNCHIMAGE_NAME = "Stub Launch Image";
				BAZEL_TARGET = "//:FullBazelSample";
				DEBUG_INFORMATION_FORMAT = dwarf;
				FRAMEWORK_SEARCH_PATHS = "";
				GCC_PREPROCESSOR_DEFINITIONS = "NDEBUG=1";
				HEADER_SEARCH_PATHS = "";
				INFOPLIST_FILE = "${PROJECT_FILE_PATH}/.tulsi/Resources/StubInfoPlist.plist";
				IPHONEOS_DEPLOYMENT_TARGET = 9.0;
				ONLY_ACTIVE_ARCH = YES;
				OTHER_CFLAGS = "--version";
				OTHER_LDFLAGS = "--version";
				OTHER_SWIFT_FLAGS = "--version";
				PRODUCT_BUNDLE_IDENTIFIER = com.pinterest.fullbazelsample;
				PRODUCT_NAME = FullBazelSample;
				SDKROOT = iphoneos;
				SWIFT_INSTALL_OBJC_HEADER = NO;
				SWIFT_OBJC_INTERFACE_HEADER_NAME = "$(PRODUCT_NAME).h";
				TULSI_BUILD_PATH = "";
				TULSI_XCODE_VERSION = 10.2.1.10E1001;
			};
			name = __TulsiTestRunner_Release;
		};
		4FFCD6ABADDED63B00000000 /* __TulsiTestRunner_Debug */ = {
			isa = XCBuildConfiguration;
			buildSettings = {
				ALWAYS_SEARCH_USER_PATHS = NO;
				CLANG_CXX_LANGUAGE_STANDARD = "compiler-default";
				CLANG_ENABLE_OBJC_ARC = YES;
				CLANG_WARN_BOOL_CONVERSION = YES;
				CLANG_WARN_CONSTANT_CONVERSION = YES;
				CLANG_WARN_EMPTY_BODY = YES;
				CLANG_WARN_ENUM_CONVERSION = YES;
				CLANG_WARN_INT_CONVERSION = YES;
				CLANG_WARN_UNREACHABLE_CODE = YES;
				CLANG_WARN__DUPLICATE_METHOD_MATCH = YES;
				CODE_SIGNING_REQUIRED = NO;
				CODE_SIGN_IDENTITY = "";
				DONT_RUN_SWIFT_STDLIB_TOOL = YES;
				ENABLE_TESTABILITY = YES;
				FRAMEWORK_SEARCH_PATHS = "";
				GCC_PREPROCESSOR_DEFINITIONS = "DEBUG=1";
				GCC_WARN_64_TO_32_BIT_CONVERSION = YES;
				GCC_WARN_ABOUT_RETURN_TYPE = YES;
				GCC_WARN_UNDECLARED_SELECTOR = YES;
				GCC_WARN_UNINITIALIZED_AUTOS = YES;
				GCC_WARN_UNUSED_FUNCTION = YES;
				GCC_WARN_UNUSED_VARIABLE = YES;
				HEADER_SEARCH_PATHS = "";
				ONLY_ACTIVE_ARCH = YES;
				OTHER_CFLAGS = "--version";
				OTHER_LDFLAGS = "--version";
				OTHER_SWIFT_FLAGS = "--version";
				PYTHONIOENCODING = utf8;
				SDKROOT = iphoneos;
				SWIFT_INSTALL_OBJC_HEADER = NO;
				SWIFT_OBJC_INTERFACE_HEADER_NAME = "$(PRODUCT_NAME).h";
				TULSI_BWRS = "${TULSI_WR}/tulsi-workspace";
				TULSI_PROJECT = FullBazelIsolated;
				TULSI_VERSION = 0.20190501.88;
				TULSI_WR = "$(SRCROOT)";
			};
			name = __TulsiTestRunner_Debug;
		};
		4FFCD6ABADDED63B00000001 /* __TulsiTestRunner_Debug */ = {
			isa = XCBuildConfiguration;
			buildSettings = {
				ASSETCATALOG_COMPILER_LAUNCHIMAGE_NAME = "Stub Launch Image";
				BAZEL_TARGET = "//:FullBazelSample";
				DEBUG_INFORMATION_FORMAT = dwarf;
				FRAMEWORK_SEARCH_PATHS = "";
				GCC_PREPROCESSOR_DEFINITIONS = "DEBUG=1";
				HEADER_SEARCH_PATHS = "";
				INFOPLIST_FILE = "${PROJECT_FILE_PATH}/.tulsi/Resources/StubInfoPlist.plist";
				IPHONEOS_DEPLOYMENT_TARGET = 9.0;
				ONLY_ACTIVE_ARCH = YES;
				OTHER_CFLAGS = "--version";
				OTHER_LDFLAGS = "--version";
				OTHER_SWIFT_FLAGS = "--version";
				PRODUCT_BUNDLE_IDENTIFIER = com.pinterest.fullbazelsample;
				PRODUCT_NAME = FullBazelSample;
				SDKROOT = iphoneos;
				SWIFT_INSTALL_OBJC_HEADER = NO;
				SWIFT_OBJC_INTERFACE_HEADER_NAME = "$(PRODUCT_NAME).h";
				TULSI_BUILD_PATH = "";
				TULSI_XCODE_VERSION = 10.2.1.10E1001;
			};
			name = __TulsiTestRunner_Debug;
		};
		4FFCD6ABBE879BF200000000 /* Release */ = {
			isa = XCBuildConfiguration;
			buildSettings = {
				ALWAYS_SEARCH_USER_PATHS = NO;
				CLANG_CXX_LANGUAGE_STANDARD = "compiler-default";
				CLANG_ENABLE_OBJC_ARC = YES;
				CLANG_WARN_BOOL_CONVERSION = YES;
				CLANG_WARN_CONSTANT_CONVERSION = YES;
				CLANG_WARN_EMPTY_BODY = YES;
				CLANG_WARN_ENUM_CONVERSION = YES;
				CLANG_WARN_INT_CONVERSION = YES;
				CLANG_WARN_UNREACHABLE_CODE = YES;
				CLANG_WARN__DUPLICATE_METHOD_MATCH = YES;
				CODE_SIGNING_REQUIRED = NO;
				CODE_SIGN_IDENTITY = "";
				DONT_RUN_SWIFT_STDLIB_TOOL = YES;
				ENABLE_TESTABILITY = YES;
				FRAMEWORK_SEARCH_PATHS = "$(PLATFORM_DIR)/Developer/Library/Frameworks";
				GCC_PREPROCESSOR_DEFINITIONS = "NDEBUG=1";
				GCC_WARN_64_TO_32_BIT_CONVERSION = YES;
				GCC_WARN_ABOUT_RETURN_TYPE = YES;
				GCC_WARN_UNDECLARED_SELECTOR = YES;
				GCC_WARN_UNINITIALIZED_AUTOS = YES;
				GCC_WARN_UNUSED_FUNCTION = YES;
				GCC_WARN_UNUSED_VARIABLE = YES;
				HEADER_SEARCH_PATHS = "$(TULSI_BWRS) $(TULSI_WR)/bazel-bin $(TULSI_WR)/bazel-genfiles $(TULSI_BWRS)/_tulsi-includes/x/x";
				ONLY_ACTIVE_ARCH = YES;
				PYTHONIOENCODING = utf8;
				SDKROOT = iphoneos;
				TULSI_BWRS = "${TULSI_WR}/tulsi-workspace";
				TULSI_PROJECT = FullBazelIsolated;
				TULSI_VERSION = 0.20190501.88;
				TULSI_WR = "$(SRCROOT)";
			};
			name = Release;
		};
		4FFCD6ABBE879BF200000001 /* Release */ = {
			isa = XCBuildConfiguration;
			buildSettings = {
				ASSETCATALOG_COMPILER_LAUNCHIMAGE_NAME = "Stub Launch Image";
				BAZEL_TARGET = "//:FullBazelSample";
				DEBUG_INFORMATION_FORMAT = dwarf;
				GCC_PREPROCESSOR_DEFINITIONS = "NDEBUG=1";
				INFOPLIST_FILE = "${PROJECT_FILE_PATH}/.tulsi/Resources/StubInfoPlist.plist";
				IPHONEOS_DEPLOYMENT_TARGET = 9.0;
				PRODUCT_BUNDLE_IDENTIFIER = com.pinterest.fullbazelsample;
				PRODUCT_NAME = FullBazelSample;
				SDKROOT = iphoneos;
				TULSI_BUILD_PATH = "";
				TULSI_XCODE_VERSION = 10.2.1.10E1001;
			};
			name = Release;
		};
		4FFCD6ABBE879BF200000002 /* Release */ = {
			isa = XCBuildConfiguration;
			buildSettings = {
				GCC_PREPROCESSOR_DEFINITIONS = "NDEBUG=1";
				HEADER_SEARCH_PATHS = "$(inherited) $(TULSI_WR)/_tulsi-includes/x/x/ $(TULSI_BWRS)/_tulsi-includes/x/x/ ";
				IPHONEOS_DEPLOYMENT_TARGET = 9.0;
				OTHER_CFLAGS = "-D_FORTIFY_SOURCE=1 -D__DATE__=\"redacted\" -D__TIMESTAMP__=\"redacted\" -D__TIME__=\"redacted\"";
				PRODUCT_NAME = _idx_Core_D0D57ACD_ios_min9.0;
				SDKROOT = iphoneos;
				USER_HEADER_SEARCH_PATHS = "$(TULSI_WR)";
			};
			name = Release;
		};
/* End XCBuildConfiguration section */

/* Begin XCConfigurationList section */
		151C9CD40F37BC6E00000000 /* Build configuration list for PBXNativeTarget "_idx_Core_D0D57ACD_ios_min9.0" */ = {
			isa = XCConfigurationList;
			buildConfigurations = (
				4FFCD6AB214E9FB800000002 /* Debug */,
				4FFCD6ABBE879BF200000002 /* Release */,
			);
			defaultConfigurationIsVisible = 0;
		};
		151C9CD4369A942100000000 /* Build configuration list for PBXProject "FullBazelIsolated" */ = {
			isa = XCConfigurationList;
			buildConfigurations = (
				4FFCD6AB214E9FB800000000 /* Debug */,
				4FFCD6ABBE879BF200000000 /* Release */,
				4FFCD6ABADDED63B00000000 /* __TulsiTestRunner_Debug */,
				4FFCD6AB6A6DC22F00000000 /* __TulsiTestRunner_Release */,
			);
			defaultConfigurationIsVisible = 0;
		};
		151C9CD464CEB09D00000000 /* Build configuration list for PBXNativeTarget "FullBazelSample" */ = {
			isa = XCConfigurationList;
			buildConfigurations = (
				4FFCD6AB214E9FB800000001 /* Debug */,
				4FFCD6ABBE879BF200000001 /* Release */,
				4FFCD6ABADDED63B00000001 /* __TulsiTestRunner_Debug */,
				4FFCD6AB6A6DC22F00000001 /* __TulsiTestRunner_Release */,
			);
			defaultConfigurationIsVisible = 0;
		};
		151C9CD4F789C74900000000 /* Build configuration list for PBXLegacyTarget "_bazel_clean_" */ = {
			isa = XCConfigurationList;
			buildConfigurations = (
			);
			defaultConfigurationIsVisible = 0;
		};
/* End XCConfigurationList section */
	};
	rootObject = 9E2191D0DEDD36B300000000 /* Project object */;
}