// !$*UTF8*$!
{
	archiveVersion = 1;
	classes = {
	};
	objectVersion = 46;
	objects = {

/* Begin PBXBuildFile section */
		E6AF49476AB5C85800000000 /* Simple.m in Sources */ = {isa = PBXBuildFile; fileRef = 43D68C286AB5C85800000000 /* Simple.m */; };
/* End PBXBuildFile section */

/* Begin PBXContainerItemProxy section */
		819366726921D83500000000 /* PBXContainerItemProxy */ = {
			isa = PBXContainerItemProxy;
			containerPortal = 7E7BD0EAF3B97AE600000000 /* Project object */;
			proxyType = 1;
			remoteGlobalIDString = ECCC95946921D83400000000;
		};
/* End PBXContainerItemProxy section */

/* Begin PBXFileReference section */
		43D68C2830A12EFC00000000 /* lib_idx_Core_03820109.a */ = {isa = PBXFileReference; explicitFileType = archive.ar; path = lib_idx_Core_03820109.a; sourceTree = BUILT_PRODUCTS_DIR; };
		43D68C286AB5C85800000000 /* Simple.m */ = {isa = PBXFileReference; lastKnownFileType = sourcecode.c.objc; path = Simple.m; sourceTree = "<group>"; };
		43D68C286AB5DE5200000000 /* Simple.h */ = {isa = PBXFileReference; lastKnownFileType = sourcecode.c.h; path = Simple.h; sourceTree = "<group>"; };
		43D68C28705159EA00000000 /* FullBazelSample-MergedInfo.plist */ = {isa = PBXFileReference; explicitFileType = text.plist; path = "FullBazelSample-MergedInfo.plist"; sourceTree = "<group>"; };
		43D68C28A956668800000000 /* FullBazelSample.app */ = {isa = PBXFileReference; explicitFileType = wrapper.application; path = FullBazelSample.app; sourceTree = BUILT_PRODUCTS_DIR; };
		43D68C28B7EA446800000000 /* BUILD */ = {isa = PBXFileReference; lastKnownFileType = text; path = BUILD; sourceTree = "<group>"; };
		43D68C28D78E298800000000 /* libLib.a */ = {isa = PBXFileReference; explicitFileType = archive.ar; path = libLib.a; sourceTree = BUILT_PRODUCTS_DIR; };
		43D68C28DA7A48F200000000 /* libCore.a */ = {isa = PBXFileReference; explicitFileType = archive.ar; path = libCore.a; sourceTree = BUILT_PRODUCTS_DIR; };
/* End PBXFileReference section */

/* Begin PBXGroup section */
		966FB6DE11BB9BD200000000 /*  */ = {
			isa = PBXGroup;
			children = (
				43D68C28B7EA446800000000 /* BUILD */,
			);
			name = "";
			sourceTree = "<group>";
		};
		966FB6DE2BD1037D00000000 /* Products */ = {
			isa = PBXGroup;
			children = (
				43D68C28A956668800000000 /* FullBazelSample.app */,
				966FB6DE7399E4B800000000 /* bazel-bin */,
				43D68C28DA7A48F200000000 /* libCore.a */,
				43D68C28D78E298800000000 /* libLib.a */,
				43D68C2830A12EFC00000000 /* lib_idx_Core_03820109.a */,
			);
			name = Products;
			sourceTree = "<group>";
		};
		966FB6DE6D8AAE9400000000 /* Sources */ = {
			isa = PBXGroup;
			children = (
				966FB6DE82230D0800000000 /* Public */,
			);
			path = Sources;
			sourceTree = "<group>";
		};
		966FB6DE7399E4B800000000 /* bazel-bin */ = {
			isa = PBXGroup;
			children = (
				43D68C28705159EA00000000 /* FullBazelSample-MergedInfo.plist */,
			);
			path = "bazel-bin";
			sourceTree = "<group>";
		};
		966FB6DE82230D0800000000 /* Public */ = {
			isa = PBXGroup;
			children = (
				43D68C286AB5DE5200000000 /* Simple.h */,
				43D68C286AB5C85800000000 /* Simple.m */,
			);
			path = Public;
			sourceTree = "<group>";
		};
		966FB6DEE342F69A00000000 /* mainGroup */ = {
			isa = PBXGroup;
			children = (
				966FB6DE11BB9BD200000000 /*  */,
				966FB6DE2BD1037D00000000 /* Products */,
				966FB6DE6D8AAE9400000000 /* Sources */,
			);
			name = mainGroup;
			sourceTree = SOURCE_ROOT;
		};
/* End PBXGroup section */

/* Begin PBXLegacyTarget section */
		ECCC95946921D83400000000 /* _bazel_clean_ */ = {
			isa = PBXLegacyTarget;
			buildArgumentsString = "\"/Users/bkase/code/ios/Scripts/bazel/lib/bazel/bin/bazel\" \"bazel-bin\"";
			buildConfigurationList = DE475583CA83BF7E00000000 /* Build configuration list for PBXLegacyTarget "_bazel_clean_" */;
			buildPhases = (
			);
			buildToolPath = "${PROJECT_FILE_PATH}/.tulsi/Scripts/bazel_clean.sh";
			buildWorkingDirectory = "";
			dependencies = (
			);
			name = _bazel_clean_;
			passBuildSettingsInEnvironment = 1;
			productName = _bazel_clean_;
		};
/* End PBXLegacyTarget section */

/* Begin PBXNativeTarget section */
		3D31C5E6077E036A00000000 /* _idx_Core_03820109 */ = {
			isa = PBXNativeTarget;
			buildConfigurationList = DE475583BC3C177F00000000 /* Build configuration list for PBXNativeTarget "_idx_Core_03820109" */;
			buildPhases = (
				605793E20000000000000000 /* Sources */,
			);
			buildRules = (
			);
			dependencies = (
				4DAD0B426921D83500000000 /* PBXTargetDependency */,
			);
			name = _idx_Core_03820109;
			productName = _idx_Core_03820109;
			productReference = 43D68C2830A12EFC00000000 /* lib_idx_Core_03820109.a */;
			productType = "com.apple.product-type.library.static";
		};
		3D31C5E623523EF800000000 /* Core */ = {
			isa = PBXNativeTarget;
			buildConfigurationList = DE475583F06D61E200000000 /* Build configuration list for PBXNativeTarget "Core" */;
			buildPhases = (
				84B422717070468800000000 /* ShellScript */,
			);
			buildRules = (
			);
			dependencies = (
				4DAD0B426921D83500000000 /* PBXTargetDependency */,
			);
			name = Core;
			productName = Core;
			productReference = 43D68C28DA7A48F200000000 /* libCore.a */;
			productType = "com.apple.product-type.library.static";
		};
		3D31C5E62DB75F9600000000 /* Lib */ = {
			isa = PBXNativeTarget;
			buildConfigurationList = DE475583D0CA157100000000 /* Build configuration list for PBXNativeTarget "Lib" */;
			buildPhases = (
				84B422717B0C6FFD00000000 /* ShellScript */,
			);
			buildRules = (
			);
			dependencies = (
				4DAD0B426921D83500000000 /* PBXTargetDependency */,
			);
			name = Lib;
			productName = Lib;
			productReference = 43D68C28D78E298800000000 /* libLib.a */;
			productType = "com.apple.product-type.library.static";
		};
		3D31C5E6ED2DC3A600000000 /* FullBazelSample */ = {
			isa = PBXNativeTarget;
			buildConfigurationList = DE4755836B48200900000000 /* Build configuration list for PBXNativeTarget "FullBazelSample" */;
			buildPhases = (
				84B422713BEB712C00000000 /* ShellScript */,
			);
			buildRules = (
			);
			dependencies = (
				4DAD0B426921D83500000000 /* PBXTargetDependency */,
			);
			name = FullBazelSample;
			productName = FullBazelSample;
			productReference = 43D68C28A956668800000000 /* FullBazelSample.app */;
			productType = "com.apple.product-type.application";
		};
/* End PBXNativeTarget section */

/* Begin PBXProject section */
		7E7BD0EAF3B97AE600000000 /* Project object */ = {
			isa = PBXProject;
			attributes = {
				LastSwiftUpdateCheck = 0710;
				LastUpgradeCheck = 0610;
			};
			buildConfigurationList = DE4755837FF6A42000000000 /* Build configuration list for PBXProject "FullBazelIsolated" */;
			compatibilityVersion = "Xcode 3.2";
			developmentRegion = English;
			hasScannedForEncodings = 0;
			knownRegions = (
				en,
			);
			mainGroup = 966FB6DEE342F69A00000000 /* mainGroup */;
			projectDirPath = "";
			projectRoot = "";
			targets = (
				3D31C5E623523EF800000000 /* Core */,
				3D31C5E6ED2DC3A600000000 /* FullBazelSample */,
				3D31C5E62DB75F9600000000 /* Lib */,
				ECCC95946921D83400000000 /* _bazel_clean_ */,
				3D31C5E6077E036A00000000 /* _idx_Core_03820109 */,
			);
		};
/* End PBXProject section */

/* Begin PBXShellScriptBuildPhase section */
		84B422713BEB712C00000000 /* ShellScript */ = {
			isa = PBXShellScriptBuildPhase;
			buildActionMask = 0;
			files = (
			);
			inputPaths = (
			);
			outputPaths = (
			);
			runOnlyForDeploymentPostprocessing = 0;
			shellPath = /bin/bash;
			shellScript = "set -e\n\nexport TULSI_USE_DSYM=YES\nexec \"${PROJECT_FILE_PATH}/.tulsi/Scripts/bazel_build.py\" //:FullBazelSample --bazel \"/Users/bkase/code/ios/Scripts/bazel/lib/bazel/bin/bazel\" --bazel_bin_path \"bazel-bin\" --bazel_package_path \"%workspace%\" --verbose --bazel_options  -- --bazel_startup_options  --  --install_generated_artifacts";
		};
		84B422717070468800000000 /* ShellScript */ = {
			isa = PBXShellScriptBuildPhase;
			buildActionMask = 0;
			files = (
			);
			inputPaths = (
			);
			outputPaths = (
			);
			runOnlyForDeploymentPostprocessing = 0;
			shellPath = /bin/bash;
			shellScript = "set -e\n\nexec \"${PROJECT_FILE_PATH}/.tulsi/Scripts/bazel_build.py\" //:Core --bazel \"/Users/bkase/code/ios/Scripts/bazel/lib/bazel/bin/bazel\" --bazel_bin_path \"bazel-bin\" --bazel_package_path \"%workspace%\" --verbose --bazel_options  -- --bazel_startup_options  --  --install_generated_artifacts";
		};
		84B422717B0C6FFD00000000 /* ShellScript */ = {
			isa = PBXShellScriptBuildPhase;
			buildActionMask = 0;
			files = (
			);
			inputPaths = (
			);
			outputPaths = (
			);
			runOnlyForDeploymentPostprocessing = 0;
			shellPath = /bin/bash;
			shellScript = "set -e\n\nexec \"${PROJECT_FILE_PATH}/.tulsi/Scripts/bazel_build.py\" //:Lib --bazel \"/Users/bkase/code/ios/Scripts/bazel/lib/bazel/bin/bazel\" --bazel_bin_path \"bazel-bin\" --bazel_package_path \"%workspace%\" --verbose --bazel_options  -- --bazel_startup_options  --  --install_generated_artifacts";
		};
/* End PBXShellScriptBuildPhase section */

/* Begin PBXSourcesBuildPhase section */
		605793E20000000000000000 /* Sources */ = {
			isa = PBXSourcesBuildPhase;
			buildActionMask = 0;
			files = (
				E6AF49476AB5C85800000000 /* Simple.m in Sources */,
			);
			runOnlyForDeploymentPostprocessing = 0;
		};
/* End PBXSourcesBuildPhase section */

/* Begin PBXTargetDependency section */
		4DAD0B426921D83500000000 /* PBXTargetDependency */ = {
			isa = PBXTargetDependency;
			target = ECCC95946921D83400000000 /* _bazel_clean_ */;
			targetProxy = 819366726921D83500000000 /* PBXContainerItemProxy */;
		};
/* End PBXTargetDependency section */

/* Begin XCBuildConfiguration section */
		09E063E61ECCF52900E24FDE /* Debug */ = {
			isa = XCBuildConfiguration;
			buildSettings = {
				COPY_PHASE_STRIP = NO;
				GCC_DYNAMIC_NO_PIC = NO;
				GCC_OPTIMIZATION_LEVEL = 0;
				PRODUCT_NAME = _bazel_clean_;
			};
			name = Debug;
		};
		09E063E71ECCF52900E24FDE /* Release */ = {
			isa = XCBuildConfiguration;
			buildSettings = {
				COPY_PHASE_STRIP = YES;
				DEBUG_INFORMATION_FORMAT = "dwarf-with-dsym";
				PRODUCT_NAME = _bazel_clean_;
			};
			name = Release;
		};
		09E063E81ECCF52900E24FDE /* __TulsiTestRunner_Debug */ = {
			isa = XCBuildConfiguration;
			buildSettings = {
				PRODUCT_NAME = _bazel_clean_;
			};
			name = __TulsiTestRunner_Debug;
		};
		09E063E91ECCF52900E24FDE /* __TulsiTestRunner_Release */ = {
			isa = XCBuildConfiguration;
			buildSettings = {
				PRODUCT_NAME = _bazel_clean_;
			};
			name = __TulsiTestRunner_Release;
		};
		09E063EA1ECCF52900E24FDE /* __TulsiTestRunner_Debug */ = {
			isa = XCBuildConfiguration;
			buildSettings = {
				PRODUCT_NAME = _idx_Core_03820109;
			};
			name = __TulsiTestRunner_Debug;
		};
		09E063EB1ECCF52900E24FDE /* __TulsiTestRunner_Release */ = {
			isa = XCBuildConfiguration;
			buildSettings = {
				PRODUCT_NAME = _idx_Core_03820109;
			};
			name = __TulsiTestRunner_Release;
		};
		44936BD67EED3C4D00000000 /* Debug */ = {
			isa = XCBuildConfiguration;
			buildSettings = {
				ALWAYS_SEARCH_USER_PATHS = NO;
				CLANG_ENABLE_OBJC_ARC = YES;
				CLANG_WARN_BOOL_CONVERSION = YES;
				CLANG_WARN_CONSTANT_CONVERSION = YES;
				CLANG_WARN_EMPTY_BODY = YES;
				CLANG_WARN_ENUM_CONVERSION = YES;
				CLANG_WARN_INT_CONVERSION = YES;
				CLANG_WARN_UNREACHABLE_CODE = YES;
				CLANG_WARN__DUPLICATE_METHOD_MATCH = YES;
				CODE_SIGNING_REQUIRED = NO;
				CODE_SIGN_IDENTITY = "";
				ENABLE_TESTABILITY = YES;
				FRAMEWORK_SEARCH_PATHS = "$(PLATFORM_DIR)/Developer/Library/Frameworks";
				GCC_PREPROCESSOR_DEFINITIONS = "DEBUG=1";
				GCC_WARN_64_TO_32_BIT_CONVERSION = YES;
				GCC_WARN_ABOUT_RETURN_TYPE = YES;
				GCC_WARN_UNDECLARED_SELECTOR = YES;
				GCC_WARN_UNINITIALIZED_AUTOS = YES;
				GCC_WARN_UNUSED_FUNCTION = YES;
				GCC_WARN_UNUSED_VARIABLE = YES;
				HEADER_SEARCH_PATHS = (
					"$(TULSI_BWRS)",
					"$(TULSI_WR)/bazel-bin",
					"$(TULSI_WR)/bazel-genfiles",
				);
				ONLY_ACTIVE_ARCH = YES;
				SDKROOT = iphoneos;
				TULSI_BWRS = "${TULSI_WR}/bazel-FullBazelSample";
				TULSI_PROJECT = FullBazelIsolated;
				TULSI_VERSION = 0.4.155646550.20170510;
				TULSI_WR = "$(SRCROOT)";
			};
			name = Debug;
		};
		44936BD67EED3C4D00000001 /* Debug */ = {
			isa = XCBuildConfiguration;
			buildSettings = {
				ASSETCATALOG_COMPILER_LAUNCHIMAGE_NAME = "Stub Launch Image";
				BAZEL_OUTPUTS = "bazel-bin/libCore.a";
				BAZEL_TARGET = "//:Core";
				BAZEL_TARGET_TYPE = objc_library;
				DEBUG_INFORMATION_FORMAT = dwarf;
				GCC_PREPROCESSOR_DEFINITIONS = "DEBUG=1";
				INFOPLIST_FILE = "${PROJECT_FILE_PATH}/.tulsi/Resources/StubInfoPlist.plist";
				IPHONEOS_DEPLOYMENT_TARGET = 7.0;
				PRODUCT_NAME = Core;
				SDKROOT = iphoneos;
				TULSI_BUILD_PATH = "";
				TULSI_USE_DSYM = NO;
				TULSI_USE_DYNAMIC_OUTPUTS = YES;
				TVOS_DEPLOYMENT_TARGET = 10.2;
				WATCHOS_DEPLOYMENT_TARGET = 3.2;
			};
			name = Debug;
		};
		44936BD67EED3C4D00000002 /* Debug */ = {
			isa = XCBuildConfiguration;
			buildSettings = {
				ASSETCATALOG_COMPILER_LAUNCHIMAGE_NAME = "Stub Launch Image";
				BAZEL_BINARY_DSYM = /FullBazelSample.apple_binary.app.dSYM;
				BAZEL_BINARY_TARGET = "//:FullBazelSample.apple_binary";
				BAZEL_OUTPUTS = "bazel-bin/FullBazelSample.ipa";
				BAZEL_TARGET = "//:FullBazelSample";
				BAZEL_TARGET_TYPE = ios_application;
				DEBUG_INFORMATION_FORMAT = dwarf;
				GCC_PREPROCESSOR_DEFINITIONS = "DEBUG=1";
				INFOPLIST_FILE = "${PROJECT_FILE_PATH}/.tulsi/Resources/StubInfoPlist.plist";
				IPHONEOS_DEPLOYMENT_TARGET = 7.0;
				PRODUCT_BUNDLE_IDENTIFIER = com.pinterest.fullbazelsample;
				PRODUCT_NAME = FullBazelSample;
				SDKROOT = iphoneos;
				TULSI_BUILD_PATH = "";
				TULSI_USE_DSYM = NO;
				TULSI_USE_DYNAMIC_OUTPUTS = YES;
				TVOS_DEPLOYMENT_TARGET = 10.2;
				WATCHOS_DEPLOYMENT_TARGET = 3.2;
			};
			name = Debug;
		};
		44936BD67EED3C4D00000003 /* Debug */ = {
			isa = XCBuildConfiguration;
			buildSettings = {
				ASSETCATALOG_COMPILER_LAUNCHIMAGE_NAME = "Stub Launch Image";
				BAZEL_OUTPUTS = "bazel-bin/libLib.a";
				BAZEL_TARGET = "//:Lib";
				BAZEL_TARGET_TYPE = objc_library;
				DEBUG_INFORMATION_FORMAT = dwarf;
				GCC_PREPROCESSOR_DEFINITIONS = "DEBUG=1";
				INFOPLIST_FILE = "${PROJECT_FILE_PATH}/.tulsi/Resources/StubInfoPlist.plist";
				IPHONEOS_DEPLOYMENT_TARGET = 7.0;
				PRODUCT_NAME = Lib;
				SDKROOT = iphoneos;
				TULSI_BUILD_PATH = "";
				TULSI_USE_DSYM = NO;
				TULSI_USE_DYNAMIC_OUTPUTS = YES;
				TVOS_DEPLOYMENT_TARGET = 10.2;
				WATCHOS_DEPLOYMENT_TARGET = 3.2;
			};
			name = Debug;
		};
		44936BD67EED3C4D00000004 /* Debug */ = {
			isa = XCBuildConfiguration;
			buildSettings = {
				ARCHS = x86_64;
				GCC_PREPROCESSOR_DEFINITIONS = "DEBUG=1";
				HEADER_SEARCH_PATHS = (
					"$(inherited)",
					"$(TULSI_BWRS)/tools/cpp/gcc3",
				);
				IPHONEOS_DEPLOYMENT_TARGET = 7.0;
				OTHER_CFLAGS = (
					"-D__DATE__=\"redacted\"",
					"-D__TIMESTAMP__=\"redacted\"",
					"-D__TIME__=\"redacted\"",
				);
				PRODUCT_NAME = _idx_Core_03820109;
				SDKROOT = iphonesimulator;
				TVOS_DEPLOYMENT_TARGET = 10.2;
				VALID_ARCHS = x86_64;
				WATCHOS_DEPLOYMENT_TARGET = 3.2;
			};
			name = Debug;
		};
		44936BD6A3D45CE900000000 /* Release */ = {
			isa = XCBuildConfiguration;
			buildSettings = {
				ALWAYS_SEARCH_USER_PATHS = NO;
				CLANG_ENABLE_OBJC_ARC = YES;
				CLANG_WARN_BOOL_CONVERSION = YES;
				CLANG_WARN_CONSTANT_CONVERSION = YES;
				CLANG_WARN_EMPTY_BODY = YES;
				CLANG_WARN_ENUM_CONVERSION = YES;
				CLANG_WARN_INT_CONVERSION = YES;
				CLANG_WARN_UNREACHABLE_CODE = YES;
				CLANG_WARN__DUPLICATE_METHOD_MATCH = YES;
				CODE_SIGNING_REQUIRED = NO;
				CODE_SIGN_IDENTITY = "";
				ENABLE_TESTABILITY = YES;
				FRAMEWORK_SEARCH_PATHS = "$(PLATFORM_DIR)/Developer/Library/Frameworks";
				GCC_PREPROCESSOR_DEFINITIONS = "NDEBUG=1";
				GCC_WARN_64_TO_32_BIT_CONVERSION = YES;
				GCC_WARN_ABOUT_RETURN_TYPE = YES;
				GCC_WARN_UNDECLARED_SELECTOR = YES;
				GCC_WARN_UNINITIALIZED_AUTOS = YES;
				GCC_WARN_UNUSED_FUNCTION = YES;
				GCC_WARN_UNUSED_VARIABLE = YES;
				HEADER_SEARCH_PATHS = (
					"$(TULSI_BWRS)",
					"$(TULSI_WR)/bazel-bin",
					"$(TULSI_WR)/bazel-genfiles",
				);
				ONLY_ACTIVE_ARCH = YES;
				SDKROOT = iphoneos;
				TULSI_BWRS = "${TULSI_WR}/bazel-FullBazelSample";
				TULSI_PROJECT = FullBazelIsolated;
				TULSI_USE_DSYM = YES;
				TULSI_VERSION = 0.4.155646550.20170510;
				TULSI_WR = "$(SRCROOT)";
			};
			name = Release;
		};
		44936BD6A3D45CE900000001 /* Release */ = {
			isa = XCBuildConfiguration;
			buildSettings = {
				ASSETCATALOG_COMPILER_LAUNCHIMAGE_NAME = "Stub Launch Image";
				BAZEL_OUTPUTS = "bazel-bin/libCore.a";
				BAZEL_TARGET = "//:Core";
				BAZEL_TARGET_TYPE = objc_library;
				DEBUG_INFORMATION_FORMAT = dwarf;
				GCC_PREPROCESSOR_DEFINITIONS = "NDEBUG=1";
				INFOPLIST_FILE = "${PROJECT_FILE_PATH}/.tulsi/Resources/StubInfoPlist.plist";
				IPHONEOS_DEPLOYMENT_TARGET = 7.0;
				PRODUCT_NAME = Core;
				SDKROOT = iphoneos;
				TULSI_BUILD_PATH = "";
				TULSI_USE_DSYM = YES;
				TULSI_USE_DYNAMIC_OUTPUTS = YES;
				TVOS_DEPLOYMENT_TARGET = 10.2;
				WATCHOS_DEPLOYMENT_TARGET = 3.2;
			};
			name = Release;
		};
		44936BD6A3D45CE900000002 /* Release */ = {
			isa = XCBuildConfiguration;
			buildSettings = {
				ASSETCATALOG_COMPILER_LAUNCHIMAGE_NAME = "Stub Launch Image";
				BAZEL_BINARY_DSYM = /FullBazelSample.apple_binary.app.dSYM;
				BAZEL_BINARY_TARGET = "//:FullBazelSample.apple_binary";
				BAZEL_OUTPUTS = "bazel-bin/FullBazelSample.ipa";
				BAZEL_TARGET = "//:FullBazelSample";
				BAZEL_TARGET_TYPE = ios_application;
				DEBUG_INFORMATION_FORMAT = dwarf;
				GCC_PREPROCESSOR_DEFINITIONS = "NDEBUG=1";
				INFOPLIST_FILE = "${PROJECT_FILE_PATH}/.tulsi/Resources/StubInfoPlist.plist";
				IPHONEOS_DEPLOYMENT_TARGET = 7.0;
				PRODUCT_BUNDLE_IDENTIFIER = com.pinterest.fullbazelsample;
				PRODUCT_NAME = FullBazelSample;
				SDKROOT = iphoneos;
				TULSI_BUILD_PATH = "";
				TULSI_USE_DSYM = YES;
				TULSI_USE_DYNAMIC_OUTPUTS = YES;
				TVOS_DEPLOYMENT_TARGET = 10.2;
				WATCHOS_DEPLOYMENT_TARGET = 3.2;
			};
			name = Release;
		};
		44936BD6A3D45CE900000003 /* Release */ = {
			isa = XCBuildConfiguration;
			buildSettings = {
				ASSETCATALOG_COMPILER_LAUNCHIMAGE_NAME = "Stub Launch Image";
				BAZEL_OUTPUTS = "bazel-bin/libLib.a";
				BAZEL_TARGET = "//:Lib";
				BAZEL_TARGET_TYPE = objc_library;
				DEBUG_INFORMATION_FORMAT = dwarf;
				GCC_PREPROCESSOR_DEFINITIONS = "NDEBUG=1";
				INFOPLIST_FILE = "${PROJECT_FILE_PATH}/.tulsi/Resources/StubInfoPlist.plist";
				IPHONEOS_DEPLOYMENT_TARGET = 7.0;
				PRODUCT_NAME = Lib;
				SDKROOT = iphoneos;
				TULSI_BUILD_PATH = "";
				TULSI_USE_DSYM = YES;
				TULSI_USE_DYNAMIC_OUTPUTS = YES;
				TVOS_DEPLOYMENT_TARGET = 10.2;
				WATCHOS_DEPLOYMENT_TARGET = 3.2;
			};
			name = Release;
		};
		44936BD6A3D45CE900000004 /* Release */ = {
			isa = XCBuildConfiguration;
			buildSettings = {
				ARCHS = x86_64;
				GCC_PREPROCESSOR_DEFINITIONS = "NDEBUG=1";
				HEADER_SEARCH_PATHS = (
					"$(inherited)",
					"$(TULSI_BWRS)/tools/cpp/gcc3",
				);
				IPHONEOS_DEPLOYMENT_TARGET = 7.0;
				OTHER_CFLAGS = (
					"-D__DATE__=\"redacted\"",
					"-D__TIMESTAMP__=\"redacted\"",
					"-D__TIME__=\"redacted\"",
				);
				PRODUCT_NAME = _idx_Core_03820109;
				SDKROOT = iphonesimulator;
				TVOS_DEPLOYMENT_TARGET = 10.2;
				VALID_ARCHS = x86_64;
				WATCHOS_DEPLOYMENT_TARGET = 3.2;
			};
			name = Release;
		};
		44936BD6C928366700000000 /* __TulsiTestRunner_Debug */ = {
			isa = XCBuildConfiguration;
			buildSettings = {
				ALWAYS_SEARCH_USER_PATHS = NO;
				CLANG_ENABLE_OBJC_ARC = YES;
				CLANG_WARN_BOOL_CONVERSION = YES;
				CLANG_WARN_CONSTANT_CONVERSION = YES;
				CLANG_WARN_EMPTY_BODY = YES;
				CLANG_WARN_ENUM_CONVERSION = YES;
				CLANG_WARN_INT_CONVERSION = YES;
				CLANG_WARN_UNREACHABLE_CODE = YES;
				CLANG_WARN__DUPLICATE_METHOD_MATCH = YES;
				CODE_SIGNING_REQUIRED = NO;
				CODE_SIGN_IDENTITY = "";
				ENABLE_TESTABILITY = YES;
				FRAMEWORK_SEARCH_PATHS = "";
				GCC_PREPROCESSOR_DEFINITIONS = "DEBUG=1";
				GCC_WARN_64_TO_32_BIT_CONVERSION = YES;
				GCC_WARN_ABOUT_RETURN_TYPE = YES;
				GCC_WARN_UNDECLARED_SELECTOR = YES;
				GCC_WARN_UNINITIALIZED_AUTOS = YES;
				GCC_WARN_UNUSED_FUNCTION = YES;
				GCC_WARN_UNUSED_VARIABLE = YES;
				HEADER_SEARCH_PATHS = "";
				ONLY_ACTIVE_ARCH = YES;
				OTHER_CFLAGS = "-help";
				OTHER_LDFLAGS = "-help";
				SDKROOT = iphoneos;
				TULSI_BWRS = "${TULSI_WR}/bazel-FullBazelSample";
				TULSI_PROJECT = FullBazelIsolated;
				TULSI_VERSION = 0.4.155646550.20170510;
				TULSI_WR = "$(SRCROOT)";
			};
			name = __TulsiTestRunner_Debug;
		};
		44936BD6C928366700000001 /* __TulsiTestRunner_Debug */ = {
			isa = XCBuildConfiguration;
			buildSettings = {
				ASSETCATALOG_COMPILER_LAUNCHIMAGE_NAME = "Stub Launch Image";
				BAZEL_OUTPUTS = "bazel-bin/libCore.a";
				BAZEL_TARGET = "//:Core";
				BAZEL_TARGET_TYPE = objc_library;
				DEBUG_INFORMATION_FORMAT = dwarf;
				FRAMEWORK_SEARCH_PATHS = "";
				GCC_PREPROCESSOR_DEFINITIONS = "DEBUG=1";
				HEADER_SEARCH_PATHS = "";
				INFOPLIST_FILE = "${PROJECT_FILE_PATH}/.tulsi/Resources/StubInfoPlist.plist";
				IPHONEOS_DEPLOYMENT_TARGET = 7.0;
				ONLY_ACTIVE_ARCH = YES;
				OTHER_CFLAGS = "-help";
				OTHER_LDFLAGS = "-help";
				PRODUCT_NAME = Core;
				SDKROOT = iphoneos;
				TULSI_BUILD_PATH = "";
				TULSI_USE_DSYM = NO;
				TULSI_USE_DYNAMIC_OUTPUTS = YES;
				TVOS_DEPLOYMENT_TARGET = 10.2;
				WATCHOS_DEPLOYMENT_TARGET = 3.2;
			};
			name = __TulsiTestRunner_Debug;
		};
		44936BD6C928366700000002 /* __TulsiTestRunner_Debug */ = {
			isa = XCBuildConfiguration;
			buildSettings = {
				ASSETCATALOG_COMPILER_LAUNCHIMAGE_NAME = "Stub Launch Image";
				BAZEL_BINARY_DSYM = /FullBazelSample.apple_binary.app.dSYM;
				BAZEL_BINARY_TARGET = "//:FullBazelSample.apple_binary";
				BAZEL_OUTPUTS = "bazel-bin/FullBazelSample.ipa";
				BAZEL_TARGET = "//:FullBazelSample";
				BAZEL_TARGET_TYPE = ios_application;
				DEBUG_INFORMATION_FORMAT = dwarf;
				FRAMEWORK_SEARCH_PATHS = "";
				GCC_PREPROCESSOR_DEFINITIONS = "DEBUG=1";
				HEADER_SEARCH_PATHS = "";
				INFOPLIST_FILE = "${PROJECT_FILE_PATH}/.tulsi/Resources/StubInfoPlist.plist";
				IPHONEOS_DEPLOYMENT_TARGET = 7.0;
				ONLY_ACTIVE_ARCH = YES;
				OTHER_CFLAGS = "-help";
				OTHER_LDFLAGS = "-help";
				PRODUCT_BUNDLE_IDENTIFIER = com.pinterest.fullbazelsample;
				PRODUCT_NAME = FullBazelSample;
				SDKROOT = iphoneos;
				TULSI_BUILD_PATH = "";
				TULSI_USE_DSYM = NO;
				TULSI_USE_DYNAMIC_OUTPUTS = YES;
				TVOS_DEPLOYMENT_TARGET = 10.2;
				WATCHOS_DEPLOYMENT_TARGET = 3.2;
			};
			name = __TulsiTestRunner_Debug;
		};
		44936BD6C928366700000003 /* __TulsiTestRunner_Debug */ = {
			isa = XCBuildConfiguration;
			buildSettings = {
				ASSETCATALOG_COMPILER_LAUNCHIMAGE_NAME = "Stub Launch Image";
				BAZEL_OUTPUTS = "bazel-bin/libLib.a";
				BAZEL_TARGET = "//:Lib";
				BAZEL_TARGET_TYPE = objc_library;
				DEBUG_INFORMATION_FORMAT = dwarf;
				FRAMEWORK_SEARCH_PATHS = "";
				GCC_PREPROCESSOR_DEFINITIONS = "DEBUG=1";
				HEADER_SEARCH_PATHS = "";
				INFOPLIST_FILE = "${PROJECT_FILE_PATH}/.tulsi/Resources/StubInfoPlist.plist";
				IPHONEOS_DEPLOYMENT_TARGET = 7.0;
				ONLY_ACTIVE_ARCH = YES;
				OTHER_CFLAGS = "-help";
				OTHER_LDFLAGS = "-help";
				PRODUCT_NAME = Lib;
				SDKROOT = iphoneos;
				TULSI_BUILD_PATH = "";
				TULSI_USE_DSYM = NO;
				TULSI_USE_DYNAMIC_OUTPUTS = YES;
				TVOS_DEPLOYMENT_TARGET = 10.2;
				WATCHOS_DEPLOYMENT_TARGET = 3.2;
			};
			name = __TulsiTestRunner_Debug;
		};
		44936BD6FCBCA00300000000 /* __TulsiTestRunner_Release */ = {
			isa = XCBuildConfiguration;
			buildSettings = {
				ALWAYS_SEARCH_USER_PATHS = NO;
				CLANG_ENABLE_OBJC_ARC = YES;
				CLANG_WARN_BOOL_CONVERSION = YES;
				CLANG_WARN_CONSTANT_CONVERSION = YES;
				CLANG_WARN_EMPTY_BODY = YES;
				CLANG_WARN_ENUM_CONVERSION = YES;
				CLANG_WARN_INT_CONVERSION = YES;
				CLANG_WARN_UNREACHABLE_CODE = YES;
				CLANG_WARN__DUPLICATE_METHOD_MATCH = YES;
				CODE_SIGNING_REQUIRED = NO;
				CODE_SIGN_IDENTITY = "";
				ENABLE_TESTABILITY = YES;
				FRAMEWORK_SEARCH_PATHS = "";
				GCC_PREPROCESSOR_DEFINITIONS = "NDEBUG=1";
				GCC_WARN_64_TO_32_BIT_CONVERSION = YES;
				GCC_WARN_ABOUT_RETURN_TYPE = YES;
				GCC_WARN_UNDECLARED_SELECTOR = YES;
				GCC_WARN_UNINITIALIZED_AUTOS = YES;
				GCC_WARN_UNUSED_FUNCTION = YES;
				GCC_WARN_UNUSED_VARIABLE = YES;
				HEADER_SEARCH_PATHS = "";
				ONLY_ACTIVE_ARCH = YES;
				OTHER_CFLAGS = "-help";
				OTHER_LDFLAGS = "-help";
				SDKROOT = iphoneos;
				TULSI_BWRS = "${TULSI_WR}/bazel-FullBazelSample";
				TULSI_PROJECT = FullBazelIsolated;
				TULSI_USE_DSYM = YES;
				TULSI_VERSION = 0.4.155646550.20170510;
				TULSI_WR = "$(SRCROOT)";
			};
			name = __TulsiTestRunner_Release;
		};
		44936BD6FCBCA00300000001 /* __TulsiTestRunner_Release */ = {
			isa = XCBuildConfiguration;
			buildSettings = {
				ASSETCATALOG_COMPILER_LAUNCHIMAGE_NAME = "Stub Launch Image";
				BAZEL_OUTPUTS = "bazel-bin/libCore.a";
				BAZEL_TARGET = "//:Core";
				BAZEL_TARGET_TYPE = objc_library;
				DEBUG_INFORMATION_FORMAT = dwarf;
				FRAMEWORK_SEARCH_PATHS = "";
				GCC_PREPROCESSOR_DEFINITIONS = "NDEBUG=1";
				HEADER_SEARCH_PATHS = "";
				INFOPLIST_FILE = "${PROJECT_FILE_PATH}/.tulsi/Resources/StubInfoPlist.plist";
				IPHONEOS_DEPLOYMENT_TARGET = 7.0;
				ONLY_ACTIVE_ARCH = YES;
				OTHER_CFLAGS = "-help";
				OTHER_LDFLAGS = "-help";
				PRODUCT_NAME = Core;
				SDKROOT = iphoneos;
				TULSI_BUILD_PATH = "";
				TULSI_USE_DSYM = YES;
				TULSI_USE_DYNAMIC_OUTPUTS = YES;
				TVOS_DEPLOYMENT_TARGET = 10.2;
				WATCHOS_DEPLOYMENT_TARGET = 3.2;
			};
			name = __TulsiTestRunner_Release;
		};
		44936BD6FCBCA00300000002 /* __TulsiTestRunner_Release */ = {
			isa = XCBuildConfiguration;
			buildSettings = {
				ASSETCATALOG_COMPILER_LAUNCHIMAGE_NAME = "Stub Launch Image";
				BAZEL_BINARY_DSYM = /FullBazelSample.apple_binary.app.dSYM;
				BAZEL_BINARY_TARGET = "//:FullBazelSample.apple_binary";
				BAZEL_OUTPUTS = "bazel-bin/FullBazelSample.ipa";
				BAZEL_TARGET = "//:FullBazelSample";
				BAZEL_TARGET_TYPE = ios_application;
				DEBUG_INFORMATION_FORMAT = dwarf;
				FRAMEWORK_SEARCH_PATHS = "";
				GCC_PREPROCESSOR_DEFINITIONS = "NDEBUG=1";
				HEADER_SEARCH_PATHS = "";
				INFOPLIST_FILE = "${PROJECT_FILE_PATH}/.tulsi/Resources/StubInfoPlist.plist";
				IPHONEOS_DEPLOYMENT_TARGET = 7.0;
				ONLY_ACTIVE_ARCH = YES;
				OTHER_CFLAGS = "-help";
				OTHER_LDFLAGS = "-help";
				PRODUCT_BUNDLE_IDENTIFIER = com.pinterest.fullbazelsample;
				PRODUCT_NAME = FullBazelSample;
				SDKROOT = iphoneos;
				TULSI_BUILD_PATH = "";
				TULSI_USE_DSYM = YES;
				TULSI_USE_DYNAMIC_OUTPUTS = YES;
				TVOS_DEPLOYMENT_TARGET = 10.2;
				WATCHOS_DEPLOYMENT_TARGET = 3.2;
			};
			name = __TulsiTestRunner_Release;
		};
		44936BD6FCBCA00300000003 /* __TulsiTestRunner_Release */ = {
			isa = XCBuildConfiguration;
			buildSettings = {
				ASSETCATALOG_COMPILER_LAUNCHIMAGE_NAME = "Stub Launch Image";
				BAZEL_OUTPUTS = "bazel-bin/libLib.a";
				BAZEL_TARGET = "//:Lib";
				BAZEL_TARGET_TYPE = objc_library;
				DEBUG_INFORMATION_FORMAT = dwarf;
				FRAMEWORK_SEARCH_PATHS = "";
				GCC_PREPROCESSOR_DEFINITIONS = "NDEBUG=1";
				HEADER_SEARCH_PATHS = "";
				INFOPLIST_FILE = "${PROJECT_FILE_PATH}/.tulsi/Resources/StubInfoPlist.plist";
				IPHONEOS_DEPLOYMENT_TARGET = 7.0;
				ONLY_ACTIVE_ARCH = YES;
				OTHER_CFLAGS = "-help";
				OTHER_LDFLAGS = "-help";
				PRODUCT_NAME = Lib;
				SDKROOT = iphoneos;
				TULSI_BUILD_PATH = "";
				TULSI_USE_DSYM = YES;
				TULSI_USE_DYNAMIC_OUTPUTS = YES;
				TVOS_DEPLOYMENT_TARGET = 10.2;
				WATCHOS_DEPLOYMENT_TARGET = 3.2;
			};
			name = __TulsiTestRunner_Release;
		};
/* End XCBuildConfiguration section */

/* Begin XCConfigurationList section */
		DE4755836B48200900000000 /* Build configuration list for PBXNativeTarget "FullBazelSample" */ = {
			isa = XCConfigurationList;
			buildConfigurations = (
				44936BD67EED3C4D00000002 /* Debug */,
				44936BD6A3D45CE900000002 /* Release */,
				44936BD6C928366700000002 /* __TulsiTestRunner_Debug */,
				44936BD6FCBCA00300000002 /* __TulsiTestRunner_Release */,
			);
			defaultConfigurationIsVisible = 0;
			defaultConfigurationName = Release;
		};
		DE4755837FF6A42000000000 /* Build configuration list for PBXProject "FullBazelIsolated" */ = {
			isa = XCConfigurationList;
			buildConfigurations = (
				44936BD67EED3C4D00000000 /* Debug */,
				44936BD6A3D45CE900000000 /* Release */,
				44936BD6C928366700000000 /* __TulsiTestRunner_Debug */,
				44936BD6FCBCA00300000000 /* __TulsiTestRunner_Release */,
			);
			defaultConfigurationIsVisible = 0;
			defaultConfigurationName = Release;
		};
		DE475583BC3C177F00000000 /* Build configuration list for PBXNativeTarget "_idx_Core_03820109" */ = {
			isa = XCConfigurationList;
			buildConfigurations = (
				44936BD67EED3C4D00000004 /* Debug */,
				44936BD6A3D45CE900000004 /* Release */,
				09E063EA1ECCF52900E24FDE /* __TulsiTestRunner_Debug */,
				09E063EB1ECCF52900E24FDE /* __TulsiTestRunner_Release */,
			);
			defaultConfigurationIsVisible = 0;
			defaultConfigurationName = Release;
		};
		DE475583CA83BF7E00000000 /* Build configuration list for PBXLegacyTarget "_bazel_clean_" */ = {
			isa = XCConfigurationList;
			buildConfigurations = (
				09E063E61ECCF52900E24FDE /* Debug */,
				09E063E71ECCF52900E24FDE /* Release */,
				09E063E81ECCF52900E24FDE /* __TulsiTestRunner_Debug */,
				09E063E91ECCF52900E24FDE /* __TulsiTestRunner_Release */,
			);
			defaultConfigurationIsVisible = 0;
			defaultConfigurationName = Release;
		};
		DE475583D0CA157100000000 /* Build configuration list for PBXNativeTarget "Lib" */ = {
			isa = XCConfigurationList;
			buildConfigurations = (
				44936BD67EED3C4D00000003 /* Debug */,
				44936BD6A3D45CE900000003 /* Release */,
				44936BD6C928366700000003 /* __TulsiTestRunner_Debug */,
				44936BD6FCBCA00300000003 /* __TulsiTestRunner_Release */,
			);
			defaultConfigurationIsVisible = 0;
			defaultConfigurationName = Release;
		};
		DE475583F06D61E200000000 /* Build configuration list for PBXNativeTarget "Core" */ = {
			isa = XCConfigurationList;
			buildConfigurations = (
				44936BD67EED3C4D00000001 /* Debug */,
				44936BD6A3D45CE900000001 /* Release */,
				44936BD6C928366700000001 /* __TulsiTestRunner_Debug */,
				44936BD6FCBCA00300000001 /* __TulsiTestRunner_Release */,
			);
			defaultConfigurationIsVisible = 0;
			defaultConfigurationName = Release;
		};
/* End XCConfigurationList section */
	};
	rootObject = 7E7BD0EAF3B97AE600000000 /* Project object */;
}
